// !$*UTF8*$!
{
	archiveVersion = 1;
	classes = {
	};
	objectVersion = 46;
	objects = {

/* Begin PBXBuildFile section */
		0095E40C1E1BE27D004DBABA /* graphe.cpp in Sources */ = {isa = PBXBuildFile; fileRef = 0095E40A1E1BE27D004DBABA /* graphe.cpp */; };
		0095E40F1E1BE28E004DBABA /* menu.cpp in Sources */ = {isa = PBXBuildFile; fileRef = 0095E40D1E1BE28E004DBABA /* menu.cpp */; };
		0095E4121E1BE2B0004DBABA /* utils.cpp in Sources */ = {isa = PBXBuildFile; fileRef = 0095E4101E1BE2B0004DBABA /* utils.cpp */; };
		009CF0441E1BDD61004B64BD /* main.cpp in Sources */ = {isa = PBXBuildFile; fileRef = 009CF0431E1BDD61004B64BD /* main.cpp */; };
/* End PBXBuildFile section */

/* Begin PBXCopyFilesBuildPhase section */
		0000936A1E1B20EE00A2635C /* CopyFiles */ = {
			isa = PBXCopyFilesBuildPhase;
			buildActionMask = 2147483647;
			dstPath = /usr/share/man/man1/;
			dstSubfolderSpec = 0;
			files = (
			);
			runOnlyForDeploymentPostprocessing = 1;
		};
/* End PBXCopyFilesBuildPhase section */

/* Begin PBXFileReference section */
		0000936C1E1B20EE00A2635C /* mini_projet_2017 */ = {isa = PBXFileReference; explicitFileType = "compiled.mach-o.executable"; includeInIndex = 0; path = mini_projet_2017; sourceTree = BUILT_PRODUCTS_DIR; };
		0095E40A1E1BE27D004DBABA /* graphe.cpp */ = {isa = PBXFileReference; fileEncoding = 4; lastKnownFileType = sourcecode.cpp.cpp; path = graphe.cpp; sourceTree = "<group>"; };
		0095E40B1E1BE27D004DBABA /* graphe.h */ = {isa = PBXFileReference; fileEncoding = 4; lastKnownFileType = sourcecode.c.h; path = graphe.h; sourceTree = "<group>"; };
		0095E40D1E1BE28E004DBABA /* menu.cpp */ = {isa = PBXFileReference; fileEncoding = 4; lastKnownFileType = sourcecode.cpp.cpp; path = menu.cpp; sourceTree = "<group>"; };
		0095E40E1E1BE28E004DBABA /* menu.h */ = {isa = PBXFileReference; fileEncoding = 4; lastKnownFileType = sourcecode.c.h; path = menu.h; sourceTree = "<group>"; };
		0095E4101E1BE2B0004DBABA /* utils.cpp */ = {isa = PBXFileReference; fileEncoding = 4; lastKnownFileType = sourcecode.cpp.cpp; path = utils.cpp; sourceTree = "<group>"; };
		0095E4111E1BE2B0004DBABA /* utils.h */ = {isa = PBXFileReference; fileEncoding = 4; lastKnownFileType = sourcecode.c.h; path = utils.h; sourceTree = "<group>"; };
		009CF0431E1BDD61004B64BD /* main.cpp */ = {isa = PBXFileReference; fileEncoding = 4; lastKnownFileType = sourcecode.cpp.cpp; name = main.cpp; path = ../main.cpp; sourceTree = "<group>"; };
		009CF0451E1BDD9A004B64BD /* tableau_contraintes.txt */ = {isa = PBXFileReference; lastKnownFileType = text; path = tableau_contraintes.txt; sourceTree = "<group>"; };
		009CF0461E1BDD9A004B64BD /* tableau_contraintes1.txt */ = {isa = PBXFileReference; lastKnownFileType = text; path = tableau_contraintes1.txt; sourceTree = "<group>"; };
		009CF0471E1BDD9A004B64BD /* tableau_contraintes2.txt */ = {isa = PBXFileReference; lastKnownFileType = text; path = tableau_contraintes2.txt; sourceTree = "<group>"; };
		009CF0481E1BDD9A004B64BD /* tableau_contraintes3.txt */ = {isa = PBXFileReference; lastKnownFileType = text; path = tableau_contraintes3.txt; sourceTree = "<group>"; };
		009CF0491E1BDD9A004B64BD /* tableau_contraintes4.txt */ = {isa = PBXFileReference; lastKnownFileType = text; path = tableau_contraintes4.txt; sourceTree = "<group>"; };
		009CF04A1E1BDD9A004B64BD /* tableau_contraintes5.txt */ = {isa = PBXFileReference; lastKnownFileType = text; path = tableau_contraintes5.txt; sourceTree = "<group>"; };
/* End PBXFileReference section */

/* Begin PBXFrameworksBuildPhase section */
		000093691E1B20EE00A2635C /* Frameworks */ = {
			isa = PBXFrameworksBuildPhase;
			buildActionMask = 2147483647;
			files = (
			);
			runOnlyForDeploymentPostprocessing = 0;
		};
/* End PBXFrameworksBuildPhase section */

/* Begin PBXGroup section */
		000093631E1B20EE00A2635C = {
			isa = PBXGroup;
			children = (
				0000936E1E1B20EE00A2635C /* mini_projet_2017 */,
				0000936D1E1B20EE00A2635C /* Products */,
			);
			sourceTree = "<group>";
		};
		0000936D1E1B20EE00A2635C /* Products */ = {
			isa = PBXGroup;
			children = (
				0000936C1E1B20EE00A2635C /* mini_projet_2017 */,
			);
			name = Products;
			sourceTree = "<group>";
		};
		0000936E1E1B20EE00A2635C /* mini_projet_2017 */ = {
			isa = PBXGroup;
			children = (
				009CF0431E1BDD61004B64BD /* main.cpp */,
				0095E40A1E1BE27D004DBABA /* graphe.cpp */,
				0095E40B1E1BE27D004DBABA /* graphe.h */,
				0095E40D1E1BE28E004DBABA /* menu.cpp */,
				0095E40E1E1BE28E004DBABA /* menu.h */,
				0095E4101E1BE2B0004DBABA /* utils.cpp */,
				0095E4111E1BE2B0004DBABA /* utils.h */,
				009CF04B1E1BDDAA004B64BD /* Tableaux */,
			);
			path = mini_projet_2017;
			sourceTree = "<group>";
		};
		009CF04B1E1BDDAA004B64BD /* Tableaux */ = {
			isa = PBXGroup;
			children = (
				009CF0451E1BDD9A004B64BD /* tableau_contraintes.txt */,
				009CF0461E1BDD9A004B64BD /* tableau_contraintes1.txt */,
				009CF0471E1BDD9A004B64BD /* tableau_contraintes2.txt */,
				009CF0481E1BDD9A004B64BD /* tableau_contraintes3.txt */,
				009CF0491E1BDD9A004B64BD /* tableau_contraintes4.txt */,
				009CF04A1E1BDD9A004B64BD /* tableau_contraintes5.txt */,
			);
			name = Tableaux;
			sourceTree = "<group>";
		};
/* End PBXGroup section */

/* Begin PBXNativeTarget section */
		0000936B1E1B20EE00A2635C /* mini_projet_2017 */ = {
			isa = PBXNativeTarget;
			buildConfigurationList = 000093731E1B20EE00A2635C /* Build configuration list for PBXNativeTarget "mini_projet_2017" */;
			buildPhases = (
				000093681E1B20EE00A2635C /* Sources */,
				000093691E1B20EE00A2635C /* Frameworks */,
				0000936A1E1B20EE00A2635C /* CopyFiles */,
			);
			buildRules = (
			);
			dependencies = (
			);
			name = mini_projet_2017;
			productName = mini_projet_2017;
			productReference = 0000936C1E1B20EE00A2635C /* mini_projet_2017 */;
			productType = "com.apple.product-type.tool";
		};
/* End PBXNativeTarget section */

/* Begin PBXProject section */
		000093641E1B20EE00A2635C /* Project object */ = {
			isa = PBXProject;
			attributes = {
				LastUpgradeCheck = 0800;
				ORGANIZATIONNAME = "antoine beneteau";
				TargetAttributes = {
					0000936B1E1B20EE00A2635C = {
						CreatedOnToolsVersion = 8.0;
						DevelopmentTeam = 32M3E59Q24;
						ProvisioningStyle = Automatic;
					};
				};
			};
			buildConfigurationList = 000093671E1B20EE00A2635C /* Build configuration list for PBXProject "mini_projet_2017" */;
			compatibilityVersion = "Xcode 3.2";
			developmentRegion = English;
			hasScannedForEncodings = 0;
			knownRegions = (
				en,
			);
			mainGroup = 000093631E1B20EE00A2635C;
			productRefGroup = 0000936D1E1B20EE00A2635C /* Products */;
			projectDirPath = "";
			projectRoot = "";
			targets = (
				0000936B1E1B20EE00A2635C /* mini_projet_2017 */,
			);
		};
/* End PBXProject section */

/* Begin PBXSourcesBuildPhase section */
		000093681E1B20EE00A2635C /* Sources */ = {
			isa = PBXSourcesBuildPhase;
			buildActionMask = 2147483647;
			files = (
				0095E40C1E1BE27D004DBABA /* graphe.cpp in Sources */,
				009CF0441E1BDD61004B64BD /* main.cpp in Sources */,
				0095E40F1E1BE28E004DBABA /* menu.cpp in Sources */,
				0095E4121E1BE2B0004DBABA /* utils.cpp in Sources */,
			);
			runOnlyForDeploymentPostprocessing = 0;
		};
/* End PBXSourcesBuildPhase section */

/* Begin XCBuildConfiguration section */
		000093711E1B20EE00A2635C /* Debug */ = {
			isa = XCBuildConfiguration;
			buildSettings = {
				ALWAYS_SEARCH_USER_PATHS = NO;
				CLANG_ANALYZER_NONNULL = YES;
				CLANG_CXX_LANGUAGE_STANDARD = "gnu++0x";
				CLANG_CXX_LIBRARY = "libc++";
				CLANG_ENABLE_MODULES = YES;
				CLANG_ENABLE_OBJC_ARC = YES;
				CLANG_WARN_BOOL_CONVERSION = YES;
				CLANG_WARN_CONSTANT_CONVERSION = YES;
				CLANG_WARN_DIRECT_OBJC_ISA_USAGE = YES_ERROR;
				CLANG_WARN_DOCUMENTATION_COMMENTS = YES;
				CLANG_WARN_EMPTY_BODY = YES;
				CLANG_WARN_ENUM_CONVERSION = YES;
				CLANG_WARN_INFINITE_RECURSION = YES;
				CLANG_WARN_INT_CONVERSION = YES;
				CLANG_WARN_OBJC_ROOT_CLASS = YES_ERROR;
				CLANG_WARN_SUSPICIOUS_MOVES = YES;
				CLANG_WARN_UNREACHABLE_CODE = YES;
				CLANG_WARN__DUPLICATE_METHOD_MATCH = YES;
				CODE_SIGN_IDENTITY = "-";
				COPY_PHASE_STRIP = NO;
				DEBUG_INFORMATION_FORMAT = dwarf;
				ENABLE_STRICT_OBJC_MSGSEND = YES;
				ENABLE_TESTABILITY = YES;
				GCC_C_LANGUAGE_STANDARD = gnu99;
				GCC_DYNAMIC_NO_PIC = NO;
				GCC_NO_COMMON_BLOCKS = YES;
				GCC_OPTIMIZATION_LEVEL = 0;
				GCC_PREPROCESSOR_DEFINITIONS = (
					"DEBUG=1",
					"$(inherited)",
				);
				GCC_WARN_64_TO_32_BIT_CONVERSION = YES;
				GCC_WARN_ABOUT_RETURN_TYPE = YES_ERROR;
				GCC_WARN_UNDECLARED_SELECTOR = YES;
				GCC_WARN_UNINITIALIZED_AUTOS = YES_AGGRESSIVE;
				GCC_WARN_UNUSED_FUNCTION = YES;
				GCC_WARN_UNUSED_VARIABLE = YES;
				MACOSX_DEPLOYMENT_TARGET = 10.12;
				MTL_ENABLE_DEBUG_INFO = YES;
				ONLY_ACTIVE_ARCH = YES;
				SDKROOT = macosx;
			};
			name = Debug;
		};
		000093721E1B20EE00A2635C /* Release */ = {
			isa = XCBuildConfiguration;
			buildSettings = {
				ALWAYS_SEARCH_USER_PATHS = NO;
				CLANG_ANALYZER_NONNULL = YES;
				CLANG_CXX_LANGUAGE_STANDARD = "gnu++0x";
				CLANG_CXX_LIBRARY = "libc++";
				CLANG_ENABLE_MODULES = YES;
				CLANG_ENABLE_OBJC_ARC = YES;
				CLANG_WARN_BOOL_CONVERSION = YES;
				CLANG_WARN_CONSTANT_CONVERSION = YES;
				CLANG_WARN_DIRECT_OBJC_ISA_USAGE = YES_ERROR;
				CLANG_WARN_DOCUMENTATION_COMMENTS = YES;
				CLANG_WARN_EMPTY_BODY = YES;
				CLANG_WARN_ENUM_CONVERSION = YES;
				CLANG_WARN_INFINITE_RECURSION = YES;
				CLANG_WARN_INT_CONVERSION = YES;
				CLANG_WARN_OBJC_ROOT_CLASS = YES_ERROR;
				CLANG_WARN_SUSPICIOUS_MOVES = YES;
				CLANG_WARN_UNREACHABLE_CODE = YES;
				CLANG_WARN__DUPLICATE_METHOD_MATCH = YES;
				CODE_SIGN_IDENTITY = "-";
				COPY_PHASE_STRIP = NO;
				DEBUG_INFORMATION_FORMAT = "dwarf-with-dsym";
				ENABLE_NS_ASSERTIONS = NO;
				ENABLE_STRICT_OBJC_MSGSEND = YES;
				GCC_C_LANGUAGE_STANDARD = gnu99;
				GCC_NO_COMMON_BLOCKS = YES;
				GCC_WARN_64_TO_32_BIT_CONVERSION = YES;
				GCC_WARN_ABOUT_RETURN_TYPE = YES_ERROR;
				GCC_WARN_UNDECLARED_SELECTOR = YES;
				GCC_WARN_UNINITIALIZED_AUTOS = YES_AGGRESSIVE;
				GCC_WARN_UNUSED_FUNCTION = YES;
				GCC_WARN_UNUSED_VARIABLE = YES;
				MACOSX_DEPLOYMENT_TARGET = 10.12;
				MTL_ENABLE_DEBUG_INFO = NO;
				SDKROOT = macosx;
			};
			name = Release;
		};
		000093741E1B20EE00A2635C /* Debug */ = {
			isa = XCBuildConfiguration;
			buildSettings = {
				DEVELOPMENT_TEAM = 32M3E59Q24;
				PRODUCT_NAME = "$(TARGET_NAME)";
			};
			name = Debug;
		};
		000093751E1B20EE00A2635C /* Release */ = {
			isa = XCBuildConfiguration;
			buildSettings = {
				DEVELOPMENT_TEAM = 32M3E59Q24;
				PRODUCT_NAME = "$(TARGET_NAME)";
			};
			name = Release;
		};
/* End XCBuildConfiguration section */

/* Begin XCConfigurationList section */
		000093671E1B20EE00A2635C /* Build configuration list for PBXProject "mini_projet_2017" */ = {
			isa = XCConfigurationList;
			buildConfigurations = (
				000093711E1B20EE00A2635C /* Debug */,
				000093721E1B20EE00A2635C /* Release */,
			);
			defaultConfigurationIsVisible = 0;
			defaultConfigurationName = Release;
		};
		000093731E1B20EE00A2635C /* Build configuration list for PBXNativeTarget "mini_projet_2017" */ = {
			isa = XCConfigurationList;
			buildConfigurations = (
				000093741E1B20EE00A2635C /* Debug */,
				000093751E1B20EE00A2635C /* Release */,
			);
			defaultConfigurationIsVisible = 0;
			defaultConfigurationName = Release;
		};
/* End XCConfigurationList section */
	};
	rootObject = 000093641E1B20EE00A2635C /* Project object */;
}
